
Microsoft Visual Studio Solution File, Format Version 12.00
# Visual Studio Version 16
VisualStudioVersion = 16.0.31613.86
MinimumVisualStudioVersion = 10.0.40219.1
Project("{FAE04EC0-301F-11D3-BF4B-00C04F79EFBC}") = "TP-Plataformas-de-Desarrollo", "TP-Plataformas-de-Desarrollo.csproj", "{3FA0ABAF-9AF5-42F7-9266-C9B47C5E639F}"
EndProject
Global
	GlobalSection(SolutionConfigurationPlatforms) = preSolution
		Debug|Any CPU = Debug|Any CPU
		Release|Any CPU = Release|Any CPU
	EndGlobalSection
	GlobalSection(ProjectConfigurationPlatforms) = postSolution
		{3FA0ABAF-9AF5-42F7-9266-C9B47C5E639F}.Debug|Any CPU.ActiveCfg = Debug|Any CPU
		{3FA0ABAF-9AF5-42F7-9266-C9B47C5E639F}.Debug|Any CPU.Build.0 = Debug|Any CPU
		{3FA0ABAF-9AF5-42F7-9266-C9B47C5E639F}.Release|Any CPU.ActiveCfg = Release|Any CPU
		{3FA0ABAF-9AF5-42F7-9266-C9B47C5E639F}.Release|Any CPU.Build.0 = Release|Any CPU
	EndGlobalSection
	GlobalSection(SolutionProperties) = preSolution
		HideSolutionNode = FALSE
	EndGlobalSection
	GlobalSection(ExtensibilityGlobals) = postSolution
		SolutionGuid = {49913F8A-F580-4F1D-8C86-B6BFBCE0A9F1}
	EndGlobalSection
EndGlobal
