
Microsoft Visual Studio Solution File, Format Version 12.00
# Visual Studio Version 16
VisualStudioVersion = 16.0.31613.86
MinimumVisualStudioVersion = 10.0.40219.1
Project("{FAE04EC0-301F-11D3-BF4B-00C04F79EFBC}") = "TP2_PlataformasDeDesarrollo", "TP2_PlataformasDeDesarrollo.csproj", "{529EDCEA-6DC4-49B1-9C44-007001F7B04F}"
EndProject
Global
	GlobalSection(SolutionConfigurationPlatforms) = preSolution
		Debug|Any CPU = Debug|Any CPU
		Release|Any CPU = Release|Any CPU
	EndGlobalSection
	GlobalSection(ProjectConfigurationPlatforms) = postSolution
		{529EDCEA-6DC4-49B1-9C44-007001F7B04F}.Debug|Any CPU.ActiveCfg = Debug|Any CPU
		{529EDCEA-6DC4-49B1-9C44-007001F7B04F}.Debug|Any CPU.Build.0 = Debug|Any CPU
		{529EDCEA-6DC4-49B1-9C44-007001F7B04F}.Release|Any CPU.ActiveCfg = Release|Any CPU
		{529EDCEA-6DC4-49B1-9C44-007001F7B04F}.Release|Any CPU.Build.0 = Release|Any CPU
	EndGlobalSection
	GlobalSection(SolutionProperties) = preSolution
		HideSolutionNode = FALSE
	EndGlobalSection
	GlobalSection(ExtensibilityGlobals) = postSolution
		SolutionGuid = {8B822ED2-5225-4030-B400-4A02ECC5A24B}
	EndGlobalSection
EndGlobal
